
Microsoft Visual Studio Solution File, Format Version 12.00
# Visual Studio Version 16
VisualStudioVersion = 16.0.31424.327
MinimumVisualStudioVersion = 10.0.40219.1
Project("{9A19103F-16F7-4668-BE54-9A1E7A4F7556}") = "MarsRover.Models", "MarsRover.Models\MarsRover.Models.csproj", "{71FED051-A869-43DD-BF5D-89A1DB46A074}"
EndProject
Project("{FAE04EC0-301F-11D3-BF4B-00C04F79EFBC}") = "MarsRover.Service", "MarsRover.Service\MarsRover.Service.csproj", "{80EAD684-3E55-48E6-ADDF-E7C4021CA00E}"
EndProject
Project("{FAE04EC0-301F-11D3-BF4B-00C04F79EFBC}") = "MarsRover.App", "MarsRover.App\MarsRover.App.csproj", "{F517E16A-D151-41B9-BD10-4F445B41CC08}"
EndProject
Global
	GlobalSection(SolutionConfigurationPlatforms) = preSolution
		Debug|Any CPU = Debug|Any CPU
		Release|Any CPU = Release|Any CPU
	EndGlobalSection
	GlobalSection(ProjectConfigurationPlatforms) = postSolution
		{71FED051-A869-43DD-BF5D-89A1DB46A074}.Debug|Any CPU.ActiveCfg = Debug|Any CPU
		{71FED051-A869-43DD-BF5D-89A1DB46A074}.Debug|Any CPU.Build.0 = Debug|Any CPU
		{71FED051-A869-43DD-BF5D-89A1DB46A074}.Release|Any CPU.ActiveCfg = Release|Any CPU
		{71FED051-A869-43DD-BF5D-89A1DB46A074}.Release|Any CPU.Build.0 = Release|Any CPU
		{80EAD684-3E55-48E6-ADDF-E7C4021CA00E}.Debug|Any CPU.ActiveCfg = Debug|Any CPU
		{80EAD684-3E55-48E6-ADDF-E7C4021CA00E}.Debug|Any CPU.Build.0 = Debug|Any CPU
		{80EAD684-3E55-48E6-ADDF-E7C4021CA00E}.Release|Any CPU.ActiveCfg = Release|Any CPU
		{80EAD684-3E55-48E6-ADDF-E7C4021CA00E}.Release|Any CPU.Build.0 = Release|Any CPU
		{F517E16A-D151-41B9-BD10-4F445B41CC08}.Debug|Any CPU.ActiveCfg = Debug|Any CPU
		{F517E16A-D151-41B9-BD10-4F445B41CC08}.Debug|Any CPU.Build.0 = Debug|Any CPU
		{F517E16A-D151-41B9-BD10-4F445B41CC08}.Release|Any CPU.ActiveCfg = Release|Any CPU
		{F517E16A-D151-41B9-BD10-4F445B41CC08}.Release|Any CPU.Build.0 = Release|Any CPU
	EndGlobalSection
	GlobalSection(SolutionProperties) = preSolution
		HideSolutionNode = FALSE
	EndGlobalSection
	GlobalSection(ExtensibilityGlobals) = postSolution
		SolutionGuid = {DFF1D549-1757-4126-9EB9-C35AEFB5CB88}
	EndGlobalSection
EndGlobal
